
Microsoft Visual Studio Solution File, Format Version 12.00
# Visual Studio Version 17
VisualStudioVersion = 17.11.35312.102
MinimumVisualStudioVersion = 10.0.40219.1
Project("{FAE04EC0-301F-11D3-BF4B-00C04F79EFBC}") = "Flykten från fängelse", "Flykten från fängelse\Flykten från fängelse.csproj", "{C7F81E24-974D-478A-A889-B363653151C2}"
EndProject
Global
	GlobalSection(SolutionConfigurationPlatforms) = preSolution
		Debug|Any CPU = Debug|Any CPU
		Release|Any CPU = Release|Any CPU
	EndGlobalSection
	GlobalSection(ProjectConfigurationPlatforms) = postSolution
		{C7F81E24-974D-478A-A889-B363653151C2}.Debug|Any CPU.ActiveCfg = Debug|Any CPU
		{C7F81E24-974D-478A-A889-B363653151C2}.Debug|Any CPU.Build.0 = Debug|Any CPU
		{C7F81E24-974D-478A-A889-B363653151C2}.Release|Any CPU.ActiveCfg = Release|Any CPU
		{C7F81E24-974D-478A-A889-B363653151C2}.Release|Any CPU.Build.0 = Release|Any CPU
	EndGlobalSection
	GlobalSection(SolutionProperties) = preSolution
		HideSolutionNode = FALSE
	EndGlobalSection
	GlobalSection(ExtensibilityGlobals) = postSolution
		SolutionGuid = {FA782031-DB41-470C-8415-D64CD26B6DA6}
	EndGlobalSection
EndGlobal
